// !$*UTF8*$!
{
	archiveVersion = 1;
	classes = {
	};
	objectVersion = 50;
	objects = {

/* Begin PBXBuildFile section */
		18DF4A7225DC181200820C12 /* InstagridTutorialApp.swift in Sources */ = {isa = PBXBuildFile; fileRef = 18DF4A7125DC181200820C12 /* InstagridTutorialApp.swift */; };
		18DF4A7425DC181200820C12 /* MainView.swift in Sources */ = {isa = PBXBuildFile; fileRef = 18DF4A7325DC181200820C12 /* MainView.swift */; };
		18DF4A7625DC181400820C12 /* Assets.xcassets in Resources */ = {isa = PBXBuildFile; fileRef = 18DF4A7525DC181400820C12 /* Assets.xcassets */; };
		18DF4A7925DC181400820C12 /* Preview Assets.xcassets in Resources */ = {isa = PBXBuildFile; fileRef = 18DF4A7825DC181400820C12 /* Preview Assets.xcassets */; };
		18DF4A8325DC18E800820C12 /* ThirstySoftRegular.otf in Resources */ = {isa = PBXBuildFile; fileRef = 18DF4A8125DC18E800820C12 /* ThirstySoftRegular.otf */; };
		18DF4A8425DC18E800820C12 /* Delm-Medium.otf in Resources */ = {isa = PBXBuildFile; fileRef = 18DF4A8225DC18E800820C12 /* Delm-Medium.otf */; };
		18DF4A9225DC3B2E00820C12 /* GridLayout.swift in Sources */ = {isa = PBXBuildFile; fileRef = 18DF4A9125DC3B2E00820C12 /* GridLayout.swift */; };
		18DF4A9525DC3B4100820C12 /* HeaderView.swift in Sources */ = {isa = PBXBuildFile; fileRef = 18DF4A9425DC3B4100820C12 /* HeaderView.swift */; };
		18DF4A9825DC3B5E00820C12 /* LayoutButtons.swift in Sources */ = {isa = PBXBuildFile; fileRef = 18DF4A9725DC3B5E00820C12 /* LayoutButtons.swift */; };
		18DF4A9C25DC8D2D00820C12 /* LayoutViewModel.swift in Sources */ = {isa = PBXBuildFile; fileRef = 18DF4A9B25DC8D2D00820C12 /* LayoutViewModel.swift */; };
		18DF4AA125DD61D900820C12 /* ImagePickerView.swift in Sources */ = {isa = PBXBuildFile; fileRef = 18DF4AA025DD61D900820C12 /* ImagePickerView.swift */; };
		18DF4AA425DD626A00820C12 /* ImagePickerViewModel.swift in Sources */ = {isa = PBXBuildFile; fileRef = 18DF4AA325DD626A00820C12 /* ImagePickerViewModel.swift */; };
/* End PBXBuildFile section */

/* Begin PBXFileReference section */
		18DF4A6E25DC181200820C12 /* InstagridTutorial.app */ = {isa = PBXFileReference; explicitFileType = wrapper.application; includeInIndex = 0; path = InstagridTutorial.app; sourceTree = BUILT_PRODUCTS_DIR; };
		18DF4A7125DC181200820C12 /* InstagridTutorialApp.swift */ = {isa = PBXFileReference; lastKnownFileType = sourcecode.swift; path = InstagridTutorialApp.swift; sourceTree = "<group>"; };
		18DF4A7325DC181200820C12 /* MainView.swift */ = {isa = PBXFileReference; lastKnownFileType = sourcecode.swift; path = MainView.swift; sourceTree = "<group>"; };
		18DF4A7525DC181400820C12 /* Assets.xcassets */ = {isa = PBXFileReference; lastKnownFileType = folder.assetcatalog; path = Assets.xcassets; sourceTree = "<group>"; };
		18DF4A7825DC181400820C12 /* Preview Assets.xcassets */ = {isa = PBXFileReference; lastKnownFileType = folder.assetcatalog; path = "Preview Assets.xcassets"; sourceTree = "<group>"; };
		18DF4A7A25DC181400820C12 /* Info.plist */ = {isa = PBXFileReference; lastKnownFileType = text.plist.xml; path = Info.plist; sourceTree = "<group>"; };
		18DF4A8125DC18E800820C12 /* ThirstySoftRegular.otf */ = {isa = PBXFileReference; lastKnownFileType = file; path = ThirstySoftRegular.otf; sourceTree = "<group>"; };
		18DF4A8225DC18E800820C12 /* Delm-Medium.otf */ = {isa = PBXFileReference; lastKnownFileType = file; path = "Delm-Medium.otf"; sourceTree = "<group>"; };
		18DF4A9125DC3B2E00820C12 /* GridLayout.swift */ = {isa = PBXFileReference; lastKnownFileType = sourcecode.swift; path = GridLayout.swift; sourceTree = "<group>"; };
		18DF4A9425DC3B4100820C12 /* HeaderView.swift */ = {isa = PBXFileReference; lastKnownFileType = sourcecode.swift; path = HeaderView.swift; sourceTree = "<group>"; };
		18DF4A9725DC3B5E00820C12 /* LayoutButtons.swift */ = {isa = PBXFileReference; lastKnownFileType = sourcecode.swift; path = LayoutButtons.swift; sourceTree = "<group>"; };
		18DF4A9B25DC8D2D00820C12 /* LayoutViewModel.swift */ = {isa = PBXFileReference; lastKnownFileType = sourcecode.swift; path = LayoutViewModel.swift; sourceTree = "<group>"; };
		18DF4AA025DD61D900820C12 /* ImagePickerView.swift */ = {isa = PBXFileReference; lastKnownFileType = sourcecode.swift; path = ImagePickerView.swift; sourceTree = "<group>"; };
		18DF4AA325DD626A00820C12 /* ImagePickerViewModel.swift */ = {isa = PBXFileReference; lastKnownFileType = sourcecode.swift; path = ImagePickerViewModel.swift; sourceTree = "<group>"; };
/* End PBXFileReference section */

/* Begin PBXFrameworksBuildPhase section */
		18DF4A6B25DC181200820C12 /* Frameworks */ = {
			isa = PBXFrameworksBuildPhase;
			buildActionMask = 2147483647;
			files = (
			);
			runOnlyForDeploymentPostprocessing = 0;
		};
/* End PBXFrameworksBuildPhase section */

/* Begin PBXGroup section */
		18DF4A6525DC181200820C12 = {
			isa = PBXGroup;
			children = (
				18DF4A7025DC181200820C12 /* InstagridTutorial */,
				18DF4A6F25DC181200820C12 /* Products */,
			);
			sourceTree = "<group>";
		};
		18DF4A6F25DC181200820C12 /* Products */ = {
			isa = PBXGroup;
			children = (
				18DF4A6E25DC181200820C12 /* InstagridTutorial.app */,
			);
			name = Products;
			sourceTree = "<group>";
		};
		18DF4A7025DC181200820C12 /* InstagridTutorial */ = {
			isa = PBXGroup;
			children = (
				18DF4A9A25DC8D1800820C12 /* View Model */,
				18DF4A8D25DC3A8900820C12 /* Views */,
				18DF4A8C25DC3A4A00820C12 /* Supporting Files */,
				18DF4A7725DC181400820C12 /* Preview Content */,
				18DF4A7A25DC181400820C12 /* Info.plist */,
			);
			path = InstagridTutorial;
			sourceTree = "<group>";
		};
		18DF4A7725DC181400820C12 /* Preview Content */ = {
			isa = PBXGroup;
			children = (
				18DF4A7825DC181400820C12 /* Preview Assets.xcassets */,
			);
			path = "Preview Content";
			sourceTree = "<group>";
		};
		18DF4A8C25DC3A4A00820C12 /* Supporting Files */ = {
			isa = PBXGroup;
			children = (
				18DF4A7125DC181200820C12 /* InstagridTutorialApp.swift */,
				18DF4A7525DC181400820C12 /* Assets.xcassets */,
				18DF4A8225DC18E800820C12 /* Delm-Medium.otf */,
				18DF4A8125DC18E800820C12 /* ThirstySoftRegular.otf */,
			);
			path = "Supporting Files";
			sourceTree = "<group>";
		};
		18DF4A8D25DC3A8900820C12 /* Views */ = {
			isa = PBXGroup;
			children = (
				18DF4A8E25DC3A9600820C12 /* Main View */,
				18DF4A8F25DC3A9E00820C12 /* Supporting Views */,
			);
			path = Views;
			sourceTree = "<group>";
		};
		18DF4A8E25DC3A9600820C12 /* Main View */ = {
			isa = PBXGroup;
			children = (
				18DF4A7325DC181200820C12 /* MainView.swift */,
			);
			path = "Main View";
			sourceTree = "<group>";
		};
		18DF4A8F25DC3A9E00820C12 /* Supporting Views */ = {
			isa = PBXGroup;
			children = (
				18DF4A9125DC3B2E00820C12 /* GridLayout.swift */,
				18DF4A9425DC3B4100820C12 /* HeaderView.swift */,
				18DF4A9725DC3B5E00820C12 /* LayoutButtons.swift */,
				18DF4A9F25DD61B000820C12 /* UIViewControllers */,
			);
			path = "Supporting Views";
			sourceTree = "<group>";
		};
		18DF4A9A25DC8D1800820C12 /* View Model */ = {
			isa = PBXGroup;
			children = (
				18DF4A9B25DC8D2D00820C12 /* LayoutViewModel.swift */,
				18DF4AA325DD626A00820C12 /* ImagePickerViewModel.swift */,
			);
			path = "View Model";
			sourceTree = "<group>";
		};
		18DF4A9F25DD61B000820C12 /* UIViewControllers */ = {
			isa = PBXGroup;
			children = (
				18DF4AA025DD61D900820C12 /* ImagePickerView.swift */,
			);
			path = UIViewControllers;
			sourceTree = "<group>";
		};
/* End PBXGroup section */

/* Begin PBXNativeTarget section */
		18DF4A6D25DC181200820C12 /* InstagridTutorial */ = {
			isa = PBXNativeTarget;
			buildConfigurationList = 18DF4A7D25DC181400820C12 /* Build configuration list for PBXNativeTarget "InstagridTutorial" */;
			buildPhases = (
				18DF4A6A25DC181200820C12 /* Sources */,
				18DF4A6B25DC181200820C12 /* Frameworks */,
				18DF4A6C25DC181200820C12 /* Resources */,
			);
			buildRules = (
			);
			dependencies = (
			);
			name = InstagridTutorial;
			productName = InstagridTutorial;
			productReference = 18DF4A6E25DC181200820C12 /* InstagridTutorial.app */;
			productType = "com.apple.product-type.application";
		};
/* End PBXNativeTarget section */

/* Begin PBXProject section */
		18DF4A6625DC181200820C12 /* Project object */ = {
			isa = PBXProject;
			attributes = {
				LastSwiftUpdateCheck = 1240;
				LastUpgradeCheck = 1240;
				TargetAttributes = {
					18DF4A6D25DC181200820C12 = {
						CreatedOnToolsVersion = 12.4;
					};
				};
			};
			buildConfigurationList = 18DF4A6925DC181200820C12 /* Build configuration list for PBXProject "InstagridTutorial" */;
			compatibilityVersion = "Xcode 9.3";
			developmentRegion = en;
			hasScannedForEncodings = 0;
			knownRegions = (
				en,
				Base,
			);
			mainGroup = 18DF4A6525DC181200820C12;
			productRefGroup = 18DF4A6F25DC181200820C12 /* Products */;
			projectDirPath = "";
			projectRoot = "";
			targets = (
				18DF4A6D25DC181200820C12 /* InstagridTutorial */,
			);
		};
/* End PBXProject section */

/* Begin PBXResourcesBuildPhase section */
		18DF4A6C25DC181200820C12 /* Resources */ = {
			isa = PBXResourcesBuildPhase;
			buildActionMask = 2147483647;
			files = (
				18DF4A8325DC18E800820C12 /* ThirstySoftRegular.otf in Resources */,
				18DF4A7925DC181400820C12 /* Preview Assets.xcassets in Resources */,
				18DF4A8425DC18E800820C12 /* Delm-Medium.otf in Resources */,
				18DF4A7625DC181400820C12 /* Assets.xcassets in Resources */,
			);
			runOnlyForDeploymentPostprocessing = 0;
		};
/* End PBXResourcesBuildPhase section */

/* Begin PBXSourcesBuildPhase section */
		18DF4A6A25DC181200820C12 /* Sources */ = {
			isa = PBXSourcesBuildPhase;
			buildActionMask = 2147483647;
			files = (
				18DF4A9C25DC8D2D00820C12 /* LayoutViewModel.swift in Sources */,
				18DF4A9225DC3B2E00820C12 /* GridLayout.swift in Sources */,
				18DF4AA425DD626A00820C12 /* ImagePickerViewModel.swift in Sources */,
				18DF4A9825DC3B5E00820C12 /* LayoutButtons.swift in Sources */,
				18DF4A7425DC181200820C12 /* MainView.swift in Sources */,
				18DF4AA125DD61D900820C12 /* ImagePickerView.swift in Sources */,
				18DF4A7225DC181200820C12 /* InstagridTutorialApp.swift in Sources */,
				18DF4A9525DC3B4100820C12 /* HeaderView.swift in Sources */,
			);
			runOnlyForDeploymentPostprocessing = 0;
		};
/* End PBXSourcesBuildPhase section */

/* Begin XCBuildConfiguration section */
		18DF4A7B25DC181400820C12 /* Debug */ = {
			isa = XCBuildConfiguration;
			buildSettings = {
				ALWAYS_SEARCH_USER_PATHS = NO;
				CLANG_ANALYZER_NONNULL = YES;
				CLANG_ANALYZER_NUMBER_OBJECT_CONVERSION = YES_AGGRESSIVE;
				CLANG_CXX_LANGUAGE_STANDARD = "gnu++14";
				CLANG_CXX_LIBRARY = "libc++";
				CLANG_ENABLE_MODULES = YES;
				CLANG_ENABLE_OBJC_ARC = YES;
				CLANG_ENABLE_OBJC_WEAK = YES;
				CLANG_WARN_BLOCK_CAPTURE_AUTORELEASING = YES;
				CLANG_WARN_BOOL_CONVERSION = YES;
				CLANG_WARN_COMMA = YES;
				CLANG_WARN_CONSTANT_CONVERSION = YES;
				CLANG_WARN_DEPRECATED_OBJC_IMPLEMENTATIONS = YES;
				CLANG_WARN_DIRECT_OBJC_ISA_USAGE = YES_ERROR;
				CLANG_WARN_DOCUMENTATION_COMMENTS = YES;
				CLANG_WARN_EMPTY_BODY = YES;
				CLANG_WARN_ENUM_CONVERSION = YES;
				CLANG_WARN_INFINITE_RECURSION = YES;
				CLANG_WARN_INT_CONVERSION = YES;
				CLANG_WARN_NON_LITERAL_NULL_CONVERSION = YES;
				CLANG_WARN_OBJC_IMPLICIT_RETAIN_SELF = YES;
				CLANG_WARN_OBJC_LITERAL_CONVERSION = YES;
				CLANG_WARN_OBJC_ROOT_CLASS = YES_ERROR;
				CLANG_WARN_QUOTED_INCLUDE_IN_FRAMEWORK_HEADER = YES;
				CLANG_WARN_RANGE_LOOP_ANALYSIS = YES;
				CLANG_WARN_STRICT_PROTOTYPES = YES;
				CLANG_WARN_SUSPICIOUS_MOVE = YES;
				CLANG_WARN_UNGUARDED_AVAILABILITY = YES_AGGRESSIVE;
				CLANG_WARN_UNREACHABLE_CODE = YES;
				CLANG_WARN__DUPLICATE_METHOD_MATCH = YES;
				COPY_PHASE_STRIP = NO;
				DEBUG_INFORMATION_FORMAT = dwarf;
				ENABLE_STRICT_OBJC_MSGSEND = YES;
				ENABLE_TESTABILITY = YES;
				GCC_C_LANGUAGE_STANDARD = gnu11;
				GCC_DYNAMIC_NO_PIC = NO;
				GCC_NO_COMMON_BLOCKS = YES;
				GCC_OPTIMIZATION_LEVEL = 0;
				GCC_PREPROCESSOR_DEFINITIONS = (
					"DEBUG=1",
					"$(inherited)",
				);
				GCC_WARN_64_TO_32_BIT_CONVERSION = YES;
				GCC_WARN_ABOUT_RETURN_TYPE = YES_ERROR;
				GCC_WARN_UNDECLARED_SELECTOR = YES;
				GCC_WARN_UNINITIALIZED_AUTOS = YES_AGGRESSIVE;
				GCC_WARN_UNUSED_FUNCTION = YES;
				GCC_WARN_UNUSED_VARIABLE = YES;
				IPHONEOS_DEPLOYMENT_TARGET = 14.4;
				MTL_ENABLE_DEBUG_INFO = INCLUDE_SOURCE;
				MTL_FAST_MATH = YES;
				ONLY_ACTIVE_ARCH = YES;
				SDKROOT = iphoneos;
				SWIFT_ACTIVE_COMPILATION_CONDITIONS = DEBUG;
				SWIFT_OPTIMIZATION_LEVEL = "-Onone";
			};
			name = Debug;
		};
		18DF4A7C25DC181400820C12 /* Release */ = {
			isa = XCBuildConfiguration;
			buildSettings = {
				ALWAYS_SEARCH_USER_PATHS = NO;
				CLANG_ANALYZER_NONNULL = YES;
				CLANG_ANALYZER_NUMBER_OBJECT_CONVERSION = YES_AGGRESSIVE;
				CLANG_CXX_LANGUAGE_STANDARD = "gnu++14";
				CLANG_CXX_LIBRARY = "libc++";
				CLANG_ENABLE_MODULES = YES;
				CLANG_ENABLE_OBJC_ARC = YES;
				CLANG_ENABLE_OBJC_WEAK = YES;
				CLANG_WARN_BLOCK_CAPTURE_AUTORELEASING = YES;
				CLANG_WARN_BOOL_CONVERSION = YES;
				CLANG_WARN_COMMA = YES;
				CLANG_WARN_CONSTANT_CONVERSION = YES;
				CLANG_WARN_DEPRECATED_OBJC_IMPLEMENTATIONS = YES;
				CLANG_WARN_DIRECT_OBJC_ISA_USAGE = YES_ERROR;
				CLANG_WARN_DOCUMENTATION_COMMENTS = YES;
				CLANG_WARN_EMPTY_BODY = YES;
				CLANG_WARN_ENUM_CONVERSION = YES;
				CLANG_WARN_INFINITE_RECURSION = YES;
				CLANG_WARN_INT_CONVERSION = YES;
				CLANG_WARN_NON_LITERAL_NULL_CONVERSION = YES;
				CLANG_WARN_OBJC_IMPLICIT_RETAIN_SELF = YES;
				CLANG_WARN_OBJC_LITERAL_CONVERSION = YES;
				CLANG_WARN_OBJC_ROOT_CLASS = YES_ERROR;
				CLANG_WARN_QUOTED_INCLUDE_IN_FRAMEWORK_HEADER = YES;
				CLANG_WARN_RANGE_LOOP_ANALYSIS = YES;
				CLANG_WARN_STRICT_PROTOTYPES = YES;
				CLANG_WARN_SUSPICIOUS_MOVE = YES;
				CLANG_WARN_UNGUARDED_AVAILABILITY = YES_AGGRESSIVE;
				CLANG_WARN_UNREACHABLE_CODE = YES;
				CLANG_WARN__DUPLICATE_METHOD_MATCH = YES;
				COPY_PHASE_STRIP = NO;
				DEBUG_INFORMATION_FORMAT = "dwarf-with-dsym";
				ENABLE_NS_ASSERTIONS = NO;
				ENABLE_STRICT_OBJC_MSGSEND = YES;
				GCC_C_LANGUAGE_STANDARD = gnu11;
				GCC_NO_COMMON_BLOCKS = YES;
				GCC_WARN_64_TO_32_BIT_CONVERSION = YES;
				GCC_WARN_ABOUT_RETURN_TYPE = YES_ERROR;
				GCC_WARN_UNDECLARED_SELECTOR = YES;
				GCC_WARN_UNINITIALIZED_AUTOS = YES_AGGRESSIVE;
				GCC_WARN_UNUSED_FUNCTION = YES;
				GCC_WARN_UNUSED_VARIABLE = YES;
				IPHONEOS_DEPLOYMENT_TARGET = 14.4;
				MTL_ENABLE_DEBUG_INFO = NO;
				MTL_FAST_MATH = YES;
				SDKROOT = iphoneos;
				SWIFT_COMPILATION_MODE = wholemodule;
				SWIFT_OPTIMIZATION_LEVEL = "-O";
				VALIDATE_PRODUCT = YES;
			};
			name = Release;
		};
		18DF4A7E25DC181400820C12 /* Debug */ = {
			isa = XCBuildConfiguration;
			buildSettings = {
				ASSETCATALOG_COMPILER_APPICON_NAME = AppIcon;
				ASSETCATALOG_COMPILER_GLOBAL_ACCENT_COLOR_NAME = AccentColor;
				CODE_SIGN_STYLE = Automatic;
				DEVELOPMENT_ASSET_PATHS = "\"InstagridTutorial/Preview Content\"";
				DEVELOPMENT_TEAM = 5D44BN2V8A;
				ENABLE_PREVIEWS = YES;
				INFOPLIST_FILE = InstagridTutorial/Info.plist;
				IPHONEOS_DEPLOYMENT_TARGET = 14.0;
				LD_RUNPATH_SEARCH_PATHS = (
					"$(inherited)",
					"@executable_path/Frameworks",
				);
				PRODUCT_BUNDLE_IDENTIFIER = com.openclassrooms.InstagridTutorial;
				PRODUCT_NAME = "$(TARGET_NAME)";
				SWIFT_VERSION = 5.0;
				TARGETED_DEVICE_FAMILY = "1,2";
			};
			name = Debug;
		};
		18DF4A7F25DC181400820C12 /* Release */ = {
			isa = XCBuildConfiguration;
			buildSettings = {
				ASSETCATALOG_COMPILER_APPICON_NAME = AppIcon;
				ASSETCATALOG_COMPILER_GLOBAL_ACCENT_COLOR_NAME = AccentColor;
				CODE_SIGN_STYLE = Automatic;
				DEVELOPMENT_ASSET_PATHS = "\"InstagridTutorial/Preview Content\"";
				DEVELOPMENT_TEAM = 5D44BN2V8A;
				ENABLE_PREVIEWS = YES;
				INFOPLIST_FILE = InstagridTutorial/Info.plist;
				IPHONEOS_DEPLOYMENT_TARGET = 14.0;
				LD_RUNPATH_SEARCH_PATHS = (
					"$(inherited)",
					"@executable_path/Frameworks",
				);
				PRODUCT_BUNDLE_IDENTIFIER = com.openclassrooms.InstagridTutorial;
				PRODUCT_NAME = "$(TARGET_NAME)";
				SWIFT_VERSION = 5.0;
				TARGETED_DEVICE_FAMILY = "1,2";
			};
			name = Release;
		};
/* End XCBuildConfiguration section */

/* Begin XCConfigurationList section */
		18DF4A6925DC181200820C12 /* Build configuration list for PBXProject "InstagridTutorial" */ = {
			isa = XCConfigurationList;
			buildConfigurations = (
				18DF4A7B25DC181400820C12 /* Debug */,
				18DF4A7C25DC181400820C12 /* Release */,
			);
			defaultConfigurationIsVisible = 0;
			defaultConfigurationName = Release;
		};
		18DF4A7D25DC181400820C12 /* Build configuration list for PBXNativeTarget "InstagridTutorial" */ = {
			isa = XCConfigurationList;
			buildConfigurations = (
				18DF4A7E25DC181400820C12 /* Debug */,
				18DF4A7F25DC181400820C12 /* Release */,
			);
			defaultConfigurationIsVisible = 0;
			defaultConfigurationName = Release;
		};
/* End XCConfigurationList section */
	};
	rootObject = 18DF4A6625DC181200820C12 /* Project object */;
}
